# Generated by pub
# See https://dart.dev/tools/pub/glossary#lockfile
packages:
  _flutterfire_internals:
    dependency: transitive
    description:
      name: _flutterfire_internals
      sha256: "1a5e13736d59235ce0139621b4bbe29bc89839e202409081bc667eb3cd20674c"
      url: "https://pub.dev"
    source: hosted
    version: "1.3.5"
  async:
    dependency: transitive
    description:
      name: async
      sha256: "947bfcf187f74dbc5e146c9eb9c0f10c9f8b30743e341481c1e2ed3ecc18c20c"
      url: "https://pub.dev"
    source: hosted
    version: "2.11.0"
  auto_size_text:
    dependency: transitive
    description:
      name: auto_size_text
      sha256: "3f5261cd3fb5f2a9ab4e2fc3fba84fd9fcaac8821f20a1d4e71f557521b22599"
      url: "https://pub.dev"
    source: hosted
    version: "3.0.0"
  boolean_selector:
    dependency: transitive
    description:
      name: boolean_selector
      sha256: "6cfb5af12253eaf2b368f07bacc5a80d1301a071c73360d746b7f2e32d762c66"
      url: "https://pub.dev"
    source: hosted
    version: "2.1.1"
  camera:
    dependency: transitive
    description:
      name: camera
      sha256: f63f2687fb1795c36f7c57b18a03071880eabb0fd8b5291b0fcd3fb979cb0fb1
      url: "https://pub.dev"
    source: hosted
    version: "0.10.5+4"
  camera_android:
    dependency: transitive
    description:
      name: camera_android
      sha256: "647af159e244b8bc0fb80abc11e5b86e692bdfc9e4a77c656ef2c1cd52d68e44"
      url: "https://pub.dev"
    source: hosted
    version: "0.10.8+9"
  camera_avfoundation:
    dependency: transitive
    description:
      name: camera_avfoundation
      sha256: "718b60ed2e22b4067fe6e2c0e9ebe2856c2de5c8b1289ba95d10db85b0b00bc2"
      url: "https://pub.dev"
    source: hosted
    version: "0.9.13+4"
  camera_platform_interface:
    dependency: transitive
    description:
      name: camera_platform_interface
      sha256: "8734d1c682f034bdb12d0d6ff379b0535a9b8e44266b530025bf8266d6a62f28"
      url: "https://pub.dev"
    source: hosted
    version: "2.5.2"
  camera_web:
    dependency: transitive
    description:
      name: camera_web
      sha256: d4c2c571c7af04f8b10702ca16bb9ed2a26e64534171e8f75c9349b2c004d8f1
      url: "https://pub.dev"
    source: hosted
    version: "0.3.2+3"
  characters:
    dependency: transitive
    description:
      name: characters
      sha256: "04a925763edad70e8443c99234dc3328f442e811f1d8fd1a72f1c8ad0f69a605"
      url: "https://pub.dev"
    source: hosted
    version: "1.3.0"
  clock:
    dependency: transitive
    description:
      name: clock
      sha256: cb6d7f03e1de671e34607e909a7213e31d7752be4fb66a86d29fe1eb14bfb5cf
      url: "https://pub.dev"
    source: hosted
    version: "1.1.1"
  collection:
    dependency: transitive
    description:
      name: collection
      sha256: ee67cb0715911d28db6bf4af1026078bd6f0128b07a5f66fb2ed94ec6783c09a
      url: "https://pub.dev"
    source: hosted
    version: "1.18.0"
  confetti:
    dependency: "direct main"
    description:
      name: confetti
      sha256: "979aafde2428c53947892c95eb244466c109c129b7eee9011f0a66caaca52267"
      url: "https://pub.dev"
    source: hosted
    version: "0.7.0"
  cross_file:
    dependency: transitive
    description:
      name: cross_file
      sha256: fd832b5384d0d6da4f6df60b854d33accaaeb63aa9e10e736a87381f08dee2cb
      url: "https://pub.dev"
    source: hosted
    version: "0.3.3+5"
  csslib:
    dependency: transitive
    description:
      name: csslib
      sha256: "706b5707578e0c1b4b7550f64078f0a0f19dec3f50a178ffae7006b0a9ca58fb"
      url: "https://pub.dev"
    source: hosted
    version: "1.0.0"
  cupertino_icons:
    dependency: "direct main"
    description:
      name: cupertino_icons
      sha256: d57953e10f9f8327ce64a508a355f0b1ec902193f66288e8cb5070e7c47eeb2d
      url: "https://pub.dev"
    source: hosted
    version: "1.0.6"
  device_frame:
    dependency: "direct main"
    description:
      name: device_frame
      sha256: afe76182aec178d171953d9b4a50a43c57c7cf3c77d8b09a48bf30c8fa04dd9d
      url: "https://pub.dev"
    source: hosted
    version: "1.1.0"
  fake_async:
    dependency: transitive
    description:
      name: fake_async
      sha256: "511392330127add0b769b75a987850d136345d9227c6b94c96a04cf4a391bf78"
      url: "https://pub.dev"
    source: hosted
    version: "1.3.1"
  firebase_analytics:
    dependency: transitive
    description:
      name: firebase_analytics
      sha256: "82992b2e93e4752d30296a881f65dde6dfdc09671f9a8cf994fa5d453bd72bde"
      url: "https://pub.dev"
    source: hosted
    version: "10.4.5"
  firebase_analytics_platform_interface:
    dependency: transitive
    description:
      name: firebase_analytics_platform_interface
      sha256: b277ab49112ebc4e545c7fc4fdfab99f692f7cd0e35347f8ed6c85d52a87562c
      url: "https://pub.dev"
    source: hosted
    version: "3.6.5"
  firebase_analytics_web:
    dependency: transitive
    description:
      name: firebase_analytics_web
      sha256: "3f05999c06294dbdc05f4afef2b8976e6f57eb449e6aaa07ff751784763a68e0"
      url: "https://pub.dev"
    source: hosted
    version: "0.5.4+5"
  firebase_core:
    dependency: transitive
    description:
      name: firebase_core
      sha256: c78132175edda4bc532a71e01a32964e4b4fcf53de7853a422d96dac3725f389
      url: "https://pub.dev"
    source: hosted
    version: "2.15.1"
  firebase_core_platform_interface:
    dependency: transitive
    description:
      name: firebase_core_platform_interface
      sha256: b63e3be6c96ef5c33bdec1aab23c91eb00696f6452f0519401d640938c94cba2
      url: "https://pub.dev"
    source: hosted
    version: "4.8.0"
  firebase_core_web:
    dependency: transitive
    description:
      name: firebase_core_web
      sha256: "4cf4d2161530332ddc3c562f19823fb897ff37a9a774090d28df99f47370e973"
      url: "https://pub.dev"
    source: hosted
    version: "2.7.0"
  firebase_crashlytics:
    dependency: transitive
    description:
      name: firebase_crashlytics
      sha256: fd9e1a1cb7cce3f9dd2358d8363d235f25f056981e23a333db1e57eca693913f
      url: "https://pub.dev"
    source: hosted
    version: "3.3.5"
  firebase_crashlytics_platform_interface:
    dependency: transitive
    description:
      name: firebase_crashlytics_platform_interface
      sha256: "0d19ef23cf7a917a357d2eb1807338ec536ec3232e729ebd769f5bb2aba9e085"
      url: "https://pub.dev"
    source: hosted
    version: "3.6.5"
  firebase_remote_config:
    dependency: transitive
    description:
      name: firebase_remote_config
      sha256: e926dc7233aa3289b50e86a8d619ef9ccb5bfd7e0137c292fc9b167f9cd050f4
      url: "https://pub.dev"
    source: hosted
    version: "4.2.5"
  firebase_remote_config_platform_interface:
    dependency: transitive
    description:
      name: firebase_remote_config_platform_interface
      sha256: "505e116a769ba91a5a987b063bbae8a89ab80d0fe933b48462321292ebd54332"
      url: "https://pub.dev"
    source: hosted
    version: "1.4.5"
  firebase_remote_config_web:
    dependency: transitive
    description:
      name: firebase_remote_config_web
      sha256: ac400c490c789323e9cad1958d0187e2f03e13ca432cb4f8977c00a5ed213695
      url: "https://pub.dev"
    source: hosted
    version: "1.4.5"
  flutter:
    dependency: "direct main"
    description: flutter
    source: sdk
    version: "0.0.0"
  flutter_card_swiper:
    dependency: transitive
    description:
      name: flutter_card_swiper
      sha256: bd4a63d512ce3992b1950f6c46efeff4a0890e117e36c0fa7101b578bd0fdf3a
      url: "https://pub.dev"
    source: hosted
    version: "6.0.0"
  flutter_deck:
    dependency: "direct main"
    description:
      name: flutter_deck
      sha256: "546610a92e2d7511ee67d8ec0b47a9907c5429206847f2c31c861d485623ee8a"
      url: "https://pub.dev"
    source: hosted
    version: "0.8.0"
  flutter_highlight:
    dependency: transitive
    description:
      name: flutter_highlight
      sha256: "7b96333867aa07e122e245c033b8ad622e4e3a42a1a2372cbb098a2541d8782c"
      url: "https://pub.dev"
    source: hosted
    version: "0.7.0"
  flutter_lints:
    dependency: "direct dev"
    description:
      name: flutter_lints
      sha256: a25a15ebbdfc33ab1cd26c63a6ee519df92338a9c10f122adda92938253bef04
      url: "https://pub.dev"
    source: hosted
    version: "2.0.3"
  flutter_plugin_android_lifecycle:
    dependency: transitive
    description:
      name: flutter_plugin_android_lifecycle
      sha256: f185ac890306b5779ecbd611f52502d8d4d63d27703ef73161ca0407e815f02c
      url: "https://pub.dev"
    source: hosted
    version: "2.0.16"
  flutter_riverpod:
    dependency: transitive
    description:
      name: flutter_riverpod
      sha256: "1bd39b04f1bcd217a969589777ca6bd642d116e3e5de65c3e6a8e8bdd8b178ec"
      url: "https://pub.dev"
    source: hosted
    version: "2.4.0"
  flutter_test:
    dependency: transitive
    description: flutter
    source: sdk
    version: "0.0.0"
  flutter_web_plugins:
    dependency: transitive
    description: flutter
    source: sdk
    version: "0.0.0"
  freezed_annotation:
    dependency: transitive
    description:
      name: freezed_annotation
      sha256: c3fd9336eb55a38cc1bbd79ab17573113a8deccd0ecbbf926cca3c62803b5c2d
      url: "https://pub.dev"
    source: hosted
    version: "2.4.1"
  go_router:
    dependency: transitive
    description:
      name: go_router
      sha256: c247a4f76071c3b97bb5ae8912968870d5565644801c5e09f3bc961b4d874895
      url: "https://pub.dev"
    source: hosted
    version: "12.1.1"
  google_maps:
    dependency: transitive
    description:
      name: google_maps
      sha256: "555d5d736339b0478e821167ac521c810d7b51c3b2734e6802a9f046b64ea37a"
      url: "https://pub.dev"
    source: hosted
    version: "6.3.0"
  google_maps_flutter:
    dependency: "direct main"
    description:
      name: google_maps_flutter
      sha256: d4914cb38b3dcb62c39c085d968d434de0f8050f00f4d9f5ba4a7c7e004934cb
      url: "https://pub.dev"
    source: hosted
    version: "2.5.0"
  google_maps_flutter_android:
    dependency: transitive
    description:
      name: google_maps_flutter_android
      sha256: e6cb018169e49332f88d23b1d2119b09e8ab4e7d3a1b889a1b7b3fd113e034ba
      url: "https://pub.dev"
    source: hosted
    version: "2.5.1"
  google_maps_flutter_ios:
    dependency: transitive
    description:
      name: google_maps_flutter_ios
      sha256: "2a595c9789070786c654e9772ec0d1bb759ae37d2dd776291af5398531274e06"
      url: "https://pub.dev"
    source: hosted
    version: "2.3.1"
  google_maps_flutter_platform_interface:
    dependency: transitive
    description:
      name: google_maps_flutter_platform_interface
      sha256: a3e9e6896501e566d902c6c69f010834d410ef4b7b5c18b90c77e871c86b7907
      url: "https://pub.dev"
    source: hosted
    version: "2.4.1"
  google_maps_flutter_web:
    dependency: transitive
    description:
      name: google_maps_flutter_web
      sha256: f893d1542c6562bc8299ef768fbbe92ade83c220ab3209b9477ec9f81ad585e4
      url: "https://pub.dev"
    source: hosted
    version: "0.5.4+2"
  highlight:
    dependency: transitive
    description:
      name: highlight
      sha256: "5353a83ffe3e3eca7df0abfb72dcf3fa66cc56b953728e7113ad4ad88497cf21"
      url: "https://pub.dev"
    source: hosted
    version: "0.7.0"
  html:
    dependency: transitive
    description:
      name: html
      sha256: "3a7812d5bcd2894edf53dfaf8cd640876cf6cef50a8f238745c8b8120ea74d3a"
      url: "https://pub.dev"
    source: hosted
    version: "0.15.4"
  js:
    dependency: transitive
    description:
      name: js
      sha256: f2c445dce49627136094980615a031419f7f3eb393237e4ecd97ac15dea343f3
      url: "https://pub.dev"
    source: hosted
    version: "0.6.7"
  js_wrapping:
    dependency: transitive
    description:
      name: js_wrapping
      sha256: e385980f7c76a8c1c9a560dfb623b890975841542471eade630b2871d243851c
      url: "https://pub.dev"
    source: hosted
    version: "0.7.4"
  json_annotation:
    dependency: transitive
    description:
      name: json_annotation
      sha256: b10a7b2ff83d83c777edba3c6a0f97045ddadd56c944e1a23a3fdf43a1bf4467
      url: "https://pub.dev"
    source: hosted
    version: "4.8.1"
  lints:
    dependency: transitive
    description:
      name: lints
      sha256: "0a217c6c989d21039f1498c3ed9f3ed71b354e69873f13a8dfc3c9fe76f1b452"
      url: "https://pub.dev"
    source: hosted
    version: "2.1.1"
  logging:
    dependency: transitive
    description:
      name: logging
      sha256: "623a88c9594aa774443aa3eb2d41807a48486b5613e67599fb4c41c0ad47c340"
      url: "https://pub.dev"
    source: hosted
    version: "1.2.0"
  matcher:
    dependency: transitive
    description:
      name: matcher
      sha256: "1803e76e6653768d64ed8ff2e1e67bea3ad4b923eb5c56a295c3e634bad5960e"
      url: "https://pub.dev"
    source: hosted
    version: "0.12.16"
  material_color_utilities:
    dependency: transitive
    description:
      name: material_color_utilities
      sha256: "9528f2f296073ff54cb9fee677df673ace1218163c3bc7628093e7eed5203d41"
      url: "https://pub.dev"
    source: hosted
    version: "0.5.0"
  meta:
    dependency: transitive
    description:
      name: meta
      sha256: a6e590c838b18133bb482a2745ad77c5bb7715fb0451209e1a7567d416678b8e
      url: "https://pub.dev"
    source: hosted
    version: "1.10.0"
  path:
    dependency: transitive
    description:
      name: path
      sha256: "8829d8a55c13fc0e37127c29fedf290c102f4e40ae94ada574091fe0ff96c917"
      url: "https://pub.dev"
    source: hosted
    version: "1.8.3"
  plugin_platform_interface:
    dependency: transitive
    description:
      name: plugin_platform_interface
      sha256: da3fdfeccc4d4ff2da8f8c556704c08f912542c5fb3cf2233ed75372384a034d
      url: "https://pub.dev"
    source: hosted
    version: "2.1.6"
  purrfect_match:
    dependency: "direct main"
    description:
      path: "../app"
      relative: true
    source: path
    version: "1.0.0+1"
  quiver:
    dependency: transitive
    description:
      name: quiver
      sha256: b1c1ac5ce6688d77f65f3375a9abb9319b3cb32486bdc7a1e0fdf004d7ba4e47
      url: "https://pub.dev"
    source: hosted
    version: "3.2.1"
  riverpod:
    dependency: transitive
    description:
      name: riverpod
      sha256: a600120d6f213a9922860eea1abc32597436edd5b2c4e73b91410f8c2af67d22
      url: "https://pub.dev"
    source: hosted
    version: "2.4.0"
  riverpod_annotation:
    dependency: transitive
    description:
      name: riverpod_annotation
      sha256: "6294fe7e7d1875f32bdf04c8fce7620e718070273703097847df8f3bf16995ea"
      url: "https://pub.dev"
    source: hosted
    version: "2.1.5"
  sanitize_html:
    dependency: transitive
    description:
      name: sanitize_html
      sha256: "0a445f19bbaa196f5a4f93461aa066b94e6e025622eb1e9bc77872a5e25233a5"
      url: "https://pub.dev"
    source: hosted
    version: "2.0.0"
  sky_engine:
    dependency: transitive
    description: flutter
    source: sdk
    version: "0.0.99"
  source_span:
    dependency: transitive
    description:
      name: source_span
      sha256: "53e943d4206a5e30df338fd4c6e7a077e02254531b138a15aec3bd143c1a8b3c"
      url: "https://pub.dev"
    source: hosted
    version: "1.10.0"
  stack_trace:
    dependency: transitive
    description:
      name: stack_trace
      sha256: "73713990125a6d93122541237550ee3352a2d84baad52d375a4cad2eb9b7ce0b"
      url: "https://pub.dev"
    source: hosted
    version: "1.11.1"
  state_notifier:
    dependency: transitive
    description:
      name: state_notifier
      sha256: b8677376aa54f2d7c58280d5a007f9e8774f1968d1fb1c096adcb4792fba29bb
      url: "https://pub.dev"
    source: hosted
    version: "1.0.0"
  stream_channel:
    dependency: transitive
    description:
      name: stream_channel
      sha256: ba2aa5d8cc609d96bbb2899c28934f9e1af5cddbd60a827822ea467161eb54e7
      url: "https://pub.dev"
    source: hosted
    version: "2.1.2"
  stream_transform:
    dependency: transitive
    description:
      name: stream_transform
      sha256: "14a00e794c7c11aa145a170587321aedce29769c08d7f58b1d141da75e3b1c6f"
      url: "https://pub.dev"
    source: hosted
    version: "2.1.0"
  string_scanner:
    dependency: transitive
    description:
      name: string_scanner
      sha256: "556692adab6cfa87322a115640c11f13cb77b3f076ddcc5d6ae3c20242bedcde"
      url: "https://pub.dev"
    source: hosted
    version: "1.2.0"
  term_glyph:
    dependency: transitive
    description:
      name: term_glyph
      sha256: a29248a84fbb7c79282b40b8c72a1209db169a2e0542bce341da992fe1bc7e84
      url: "https://pub.dev"
    source: hosted
    version: "1.2.1"
  test_api:
    dependency: transitive
    description:
      name: test_api
      sha256: "5c2f730018264d276c20e4f1503fd1308dfbbae39ec8ee63c5236311ac06954b"
      url: "https://pub.dev"
    source: hosted
    version: "0.6.1"
  vector_math:
    dependency: transitive
    description:
      name: vector_math
      sha256: "80b3257d1492ce4d091729e3a67a60407d227c27241d6927be0130c98e741803"
      url: "https://pub.dev"
    source: hosted
    version: "2.1.4"
  web:
    dependency: transitive
    description:
      name: web
      sha256: afe077240a270dcfd2aafe77602b4113645af95d0ad31128cc02bce5ac5d5152
      url: "https://pub.dev"
    source: hosted
    version: "0.3.0"
sdks:
  dart: ">=3.2.0-194.0.dev <4.0.0"
  flutter: ">=3.13.0"
